
Microsoft Visual Studio Solution File, Format Version 12.00
# Visual Studio 15
VisualStudioVersion = 15.0.27703.2026
MinimumVisualStudioVersion = 10.0.40219.1
Project("{FAE04EC0-301F-11D3-BF4B-00C04F79EFBC}") = "About_Me_Quiz", "About_Me_Quiz\About_Me_Quiz.csproj", "{1211B46A-B0DA-4948-8910-80859C21116E}"
EndProject
Global
	GlobalSection(SolutionConfigurationPlatforms) = preSolution
		Debug|Any CPU = Debug|Any CPU
		Release|Any CPU = Release|Any CPU
	EndGlobalSection
	GlobalSection(ProjectConfigurationPlatforms) = postSolution
		{1211B46A-B0DA-4948-8910-80859C21116E}.Debug|Any CPU.ActiveCfg = Debug|Any CPU
		{1211B46A-B0DA-4948-8910-80859C21116E}.Debug|Any CPU.Build.0 = Debug|Any CPU
		{1211B46A-B0DA-4948-8910-80859C21116E}.Release|Any CPU.ActiveCfg = Release|Any CPU
		{1211B46A-B0DA-4948-8910-80859C21116E}.Release|Any CPU.Build.0 = Release|Any CPU
	EndGlobalSection
	GlobalSection(SolutionProperties) = preSolution
		HideSolutionNode = FALSE
	EndGlobalSection
	GlobalSection(ExtensibilityGlobals) = postSolution
		SolutionGuid = {E19A6BBF-6203-4070-A079-911C70C7B67B}
	EndGlobalSection
EndGlobal
